// !$*UTF8*$!
{
	archiveVersion = 1;
	classes = {
	};
	objectVersion = 48;
	objects = {

/* Begin PBXBuildFile section */
		547E2A03202B019F002FE333 /* AppDelegate.swift in Sources */ = {isa = PBXBuildFile; fileRef = 547E2A02202B019F002FE333 /* AppDelegate.swift */; };
		547E2A08202B019F002FE333 /* Main.storyboard in Resources */ = {isa = PBXBuildFile; fileRef = 547E2A06202B019F002FE333 /* Main.storyboard */; };
		547E2A0A202B019F002FE333 /* Assets.xcassets in Resources */ = {isa = PBXBuildFile; fileRef = 547E2A09202B019F002FE333 /* Assets.xcassets */; };
		547E2A18202B01A0002FE333 /* sinaWeiboTests.swift in Sources */ = {isa = PBXBuildFile; fileRef = 547E2A17202B01A0002FE333 /* sinaWeiboTests.swift */; };
		547E2A23202B01A0002FE333 /* sinaWeiboUITests.swift in Sources */ = {isa = PBXBuildFile; fileRef = 547E2A22202B01A0002FE333 /* sinaWeiboUITests.swift */; };
		547E2A31202BF23C002FE333 /* WSNavigationController.swift in Sources */ = {isa = PBXBuildFile; fileRef = 547E2A30202BF23C002FE333 /* WSNavigationController.swift */; };
		547E2A33202BF263002FE333 /* WSBaseViewController.swift in Sources */ = {isa = PBXBuildFile; fileRef = 547E2A32202BF262002FE333 /* WSBaseViewController.swift */; };
		547E2A55202BFA80002FE333 /* NSArray+Log.m in Sources */ = {isa = PBXBuildFile; fileRef = 547E2A3E202BFA80002FE333 /* NSArray+Log.m */; };
		547E2A56202BFA80002FE333 /* NSAttributedString+CZAdditon.m in Sources */ = {isa = PBXBuildFile; fileRef = 547E2A40202BFA80002FE333 /* NSAttributedString+CZAdditon.m */; };
		547E2A57202BFA80002FE333 /* NSObject+CZRuntime.m in Sources */ = {isa = PBXBuildFile; fileRef = 547E2A42202BFA80002FE333 /* NSObject+CZRuntime.m */; };
		547E2A58202BFA80002FE333 /* NSString+CZBase64.m in Sources */ = {isa = PBXBuildFile; fileRef = 547E2A44202BFA80002FE333 /* NSString+CZBase64.m */; };
		547E2A59202BFA80002FE333 /* NSString+CZHash.m in Sources */ = {isa = PBXBuildFile; fileRef = 547E2A46202BFA80002FE333 /* NSString+CZHash.m */; };
		547E2A5A202BFA80002FE333 /* NSString+CZPath.m in Sources */ = {isa = PBXBuildFile; fileRef = 547E2A48202BFA80002FE333 /* NSString+CZPath.m */; };
		547E2A5B202BFA80002FE333 /* UIButton+CZAddition.m in Sources */ = {isa = PBXBuildFile; fileRef = 547E2A4A202BFA80002FE333 /* UIButton+CZAddition.m */; };
		547E2A5C202BFA80002FE333 /* UIColor+CZAddition.m in Sources */ = {isa = PBXBuildFile; fileRef = 547E2A4C202BFA80002FE333 /* UIColor+CZAddition.m */; };
		547E2A5D202BFA80002FE333 /* UILabel+CZAddition.m in Sources */ = {isa = PBXBuildFile; fileRef = 547E2A4E202BFA80002FE333 /* UILabel+CZAddition.m */; };
		547E2A5E202BFA80002FE333 /* UIScreen+CZAddition.m in Sources */ = {isa = PBXBuildFile; fileRef = 547E2A50202BFA80002FE333 /* UIScreen+CZAddition.m */; };
		547E2A5F202BFA80002FE333 /* UIView+CZAddition.m in Sources */ = {isa = PBXBuildFile; fileRef = 547E2A52202BFA80002FE333 /* UIView+CZAddition.m */; };
		547E2A60202BFA80002FE333 /* UIViewController+CZAddition.m in Sources */ = {isa = PBXBuildFile; fileRef = 547E2A54202BFA80002FE333 /* UIViewController+CZAddition.m */; };
		843C598F202B4D6C00D0FC6A /* WSTabBarController.swift in Sources */ = {isa = PBXBuildFile; fileRef = 843C598E202B4D6C00D0FC6A /* WSTabBarController.swift */; };
		843C5991202B4F3300D0FC6A /* WSHomeTableViewController.swift in Sources */ = {isa = PBXBuildFile; fileRef = 843C5990202B4F3300D0FC6A /* WSHomeTableViewController.swift */; };
		843C5993202B4F4800D0FC6A /* WSMessageTableViewController.swift in Sources */ = {isa = PBXBuildFile; fileRef = 843C5992202B4F4800D0FC6A /* WSMessageTableViewController.swift */; };
		843C5995202B4F6400D0FC6A /* WSDiscoverTableViewController.swift in Sources */ = {isa = PBXBuildFile; fileRef = 843C5994202B4F6400D0FC6A /* WSDiscoverTableViewController.swift */; };
		843C5997202B4F7600D0FC6A /* WSProfileTableViewController.swift in Sources */ = {isa = PBXBuildFile; fileRef = 843C5996202B4F7600D0FC6A /* WSProfileTableViewController.swift */; };
/* End PBXBuildFile section */

/* Begin PBXContainerItemProxy section */
		547E2A14202B01A0002FE333 /* PBXContainerItemProxy */ = {
			isa = PBXContainerItemProxy;
			containerPortal = 547E29F7202B019F002FE333 /* Project object */;
			proxyType = 1;
			remoteGlobalIDString = 547E29FE202B019F002FE333;
			remoteInfo = sinaWeibo;
		};
		547E2A1F202B01A0002FE333 /* PBXContainerItemProxy */ = {
			isa = PBXContainerItemProxy;
			containerPortal = 547E29F7202B019F002FE333 /* Project object */;
			proxyType = 1;
			remoteGlobalIDString = 547E29FE202B019F002FE333;
			remoteInfo = sinaWeibo;
		};
/* End PBXContainerItemProxy section */

/* Begin PBXFileReference section */
		547E29FF202B019F002FE333 /* sinaWeibo.app */ = {isa = PBXFileReference; explicitFileType = wrapper.application; includeInIndex = 0; path = sinaWeibo.app; sourceTree = BUILT_PRODUCTS_DIR; };
		547E2A02202B019F002FE333 /* AppDelegate.swift */ = {isa = PBXFileReference; lastKnownFileType = sourcecode.swift; path = AppDelegate.swift; sourceTree = "<group>"; };
		547E2A07202B019F002FE333 /* Base */ = {isa = PBXFileReference; lastKnownFileType = file.storyboard; name = Base; path = Base.lproj/Main.storyboard; sourceTree = "<group>"; };
		547E2A09202B019F002FE333 /* Assets.xcassets */ = {isa = PBXFileReference; lastKnownFileType = folder.assetcatalog; path = Assets.xcassets; sourceTree = "<group>"; };
		547E2A0E202B019F002FE333 /* Info.plist */ = {isa = PBXFileReference; lastKnownFileType = text.plist.xml; path = Info.plist; sourceTree = "<group>"; };
		547E2A13202B01A0002FE333 /* sinaWeiboTests.xctest */ = {isa = PBXFileReference; explicitFileType = wrapper.cfbundle; includeInIndex = 0; path = sinaWeiboTests.xctest; sourceTree = BUILT_PRODUCTS_DIR; };
		547E2A17202B01A0002FE333 /* sinaWeiboTests.swift */ = {isa = PBXFileReference; lastKnownFileType = sourcecode.swift; path = sinaWeiboTests.swift; sourceTree = "<group>"; };
		547E2A19202B01A0002FE333 /* Info.plist */ = {isa = PBXFileReference; lastKnownFileType = text.plist.xml; path = Info.plist; sourceTree = "<group>"; };
		547E2A1E202B01A0002FE333 /* sinaWeiboUITests.xctest */ = {isa = PBXFileReference; explicitFileType = wrapper.cfbundle; includeInIndex = 0; path = sinaWeiboUITests.xctest; sourceTree = BUILT_PRODUCTS_DIR; };
		547E2A22202B01A0002FE333 /* sinaWeiboUITests.swift */ = {isa = PBXFileReference; lastKnownFileType = sourcecode.swift; path = sinaWeiboUITests.swift; sourceTree = "<group>"; };
		547E2A24202B01A0002FE333 /* Info.plist */ = {isa = PBXFileReference; lastKnownFileType = text.plist.xml; path = Info.plist; sourceTree = "<group>"; };
		547E2A30202BF23C002FE333 /* WSNavigationController.swift */ = {isa = PBXFileReference; lastKnownFileType = sourcecode.swift; path = WSNavigationController.swift; sourceTree = "<group>"; };
		547E2A32202BF262002FE333 /* WSBaseViewController.swift */ = {isa = PBXFileReference; lastKnownFileType = sourcecode.swift; path = WSBaseViewController.swift; sourceTree = "<group>"; };
		547E2A3C202BFA80002FE333 /* CZAdditions.h */ = {isa = PBXFileReference; fileEncoding = 4; lastKnownFileType = sourcecode.c.h; path = CZAdditions.h; sourceTree = "<group>"; };
		547E2A3D202BFA80002FE333 /* NSArray+Log.h */ = {isa = PBXFileReference; fileEncoding = 4; lastKnownFileType = sourcecode.c.h; path = "NSArray+Log.h"; sourceTree = "<group>"; };
		547E2A3E202BFA80002FE333 /* NSArray+Log.m */ = {isa = PBXFileReference; fileEncoding = 4; lastKnownFileType = sourcecode.c.objc; path = "NSArray+Log.m"; sourceTree = "<group>"; };
		547E2A3F202BFA80002FE333 /* NSAttributedString+CZAdditon.h */ = {isa = PBXFileReference; fileEncoding = 4; lastKnownFileType = sourcecode.c.h; path = "NSAttributedString+CZAdditon.h"; sourceTree = "<group>"; };
		547E2A40202BFA80002FE333 /* NSAttributedString+CZAdditon.m */ = {isa = PBXFileReference; fileEncoding = 4; lastKnownFileType = sourcecode.c.objc; path = "NSAttributedString+CZAdditon.m"; sourceTree = "<group>"; };
		547E2A41202BFA80002FE333 /* NSObject+CZRuntime.h */ = {isa = PBXFileReference; fileEncoding = 4; lastKnownFileType = sourcecode.c.h; path = "NSObject+CZRuntime.h"; sourceTree = "<group>"; };
		547E2A42202BFA80002FE333 /* NSObject+CZRuntime.m */ = {isa = PBXFileReference; fileEncoding = 4; lastKnownFileType = sourcecode.c.objc; path = "NSObject+CZRuntime.m"; sourceTree = "<group>"; };
		547E2A43202BFA80002FE333 /* NSString+CZBase64.h */ = {isa = PBXFileReference; fileEncoding = 4; lastKnownFileType = sourcecode.c.h; path = "NSString+CZBase64.h"; sourceTree = "<group>"; };
		547E2A44202BFA80002FE333 /* NSString+CZBase64.m */ = {isa = PBXFileReference; fileEncoding = 4; lastKnownFileType = sourcecode.c.objc; path = "NSString+CZBase64.m"; sourceTree = "<group>"; };
		547E2A45202BFA80002FE333 /* NSString+CZHash.h */ = {isa = PBXFileReference; fileEncoding = 4; lastKnownFileType = sourcecode.c.h; path = "NSString+CZHash.h"; sourceTree = "<group>"; };
		547E2A46202BFA80002FE333 /* NSString+CZHash.m */ = {isa = PBXFileReference; fileEncoding = 4; lastKnownFileType = sourcecode.c.objc; path = "NSString+CZHash.m"; sourceTree = "<group>"; };
		547E2A47202BFA80002FE333 /* NSString+CZPath.h */ = {isa = PBXFileReference; fileEncoding = 4; lastKnownFileType = sourcecode.c.h; path = "NSString+CZPath.h"; sourceTree = "<group>"; };
		547E2A48202BFA80002FE333 /* NSString+CZPath.m */ = {isa = PBXFileReference; fileEncoding = 4; lastKnownFileType = sourcecode.c.objc; path = "NSString+CZPath.m"; sourceTree = "<group>"; };
		547E2A49202BFA80002FE333 /* UIButton+CZAddition.h */ = {isa = PBXFileReference; fileEncoding = 4; lastKnownFileType = sourcecode.c.h; path = "UIButton+CZAddition.h"; sourceTree = "<group>"; };
		547E2A4A202BFA80002FE333 /* UIButton+CZAddition.m */ = {isa = PBXFileReference; fileEncoding = 4; lastKnownFileType = sourcecode.c.objc; path = "UIButton+CZAddition.m"; sourceTree = "<group>"; };
		547E2A4B202BFA80002FE333 /* UIColor+CZAddition.h */ = {isa = PBXFileReference; fileEncoding = 4; lastKnownFileType = sourcecode.c.h; path = "UIColor+CZAddition.h"; sourceTree = "<group>"; };
		547E2A4C202BFA80002FE333 /* UIColor+CZAddition.m */ = {isa = PBXFileReference; fileEncoding = 4; lastKnownFileType = sourcecode.c.objc; path = "UIColor+CZAddition.m"; sourceTree = "<group>"; };
		547E2A4D202BFA80002FE333 /* UILabel+CZAddition.h */ = {isa = PBXFileReference; fileEncoding = 4; lastKnownFileType = sourcecode.c.h; path = "UILabel+CZAddition.h"; sourceTree = "<group>"; };
		547E2A4E202BFA80002FE333 /* UILabel+CZAddition.m */ = {isa = PBXFileReference; fileEncoding = 4; lastKnownFileType = sourcecode.c.objc; path = "UILabel+CZAddition.m"; sourceTree = "<group>"; };
		547E2A4F202BFA80002FE333 /* UIScreen+CZAddition.h */ = {isa = PBXFileReference; fileEncoding = 4; lastKnownFileType = sourcecode.c.h; path = "UIScreen+CZAddition.h"; sourceTree = "<group>"; };
		547E2A50202BFA80002FE333 /* UIScreen+CZAddition.m */ = {isa = PBXFileReference; fileEncoding = 4; lastKnownFileType = sourcecode.c.objc; path = "UIScreen+CZAddition.m"; sourceTree = "<group>"; };
		547E2A51202BFA80002FE333 /* UIView+CZAddition.h */ = {isa = PBXFileReference; fileEncoding = 4; lastKnownFileType = sourcecode.c.h; path = "UIView+CZAddition.h"; sourceTree = "<group>"; };
		547E2A52202BFA80002FE333 /* UIView+CZAddition.m */ = {isa = PBXFileReference; fileEncoding = 4; lastKnownFileType = sourcecode.c.objc; path = "UIView+CZAddition.m"; sourceTree = "<group>"; };
		547E2A53202BFA80002FE333 /* UIViewController+CZAddition.h */ = {isa = PBXFileReference; fileEncoding = 4; lastKnownFileType = sourcecode.c.h; path = "UIViewController+CZAddition.h"; sourceTree = "<group>"; };
		547E2A54202BFA80002FE333 /* UIViewController+CZAddition.m */ = {isa = PBXFileReference; fileEncoding = 4; lastKnownFileType = sourcecode.c.objc; path = "UIViewController+CZAddition.m"; sourceTree = "<group>"; };
		547E2A62202BFCF7002FE333 /* sinaWeibo-Bridging.h */ = {isa = PBXFileReference; lastKnownFileType = sourcecode.c.h; path = "sinaWeibo-Bridging.h"; sourceTree = "<group>"; };
		843C598E202B4D6C00D0FC6A /* WSTabBarController.swift */ = {isa = PBXFileReference; lastKnownFileType = sourcecode.swift; path = WSTabBarController.swift; sourceTree = "<group>"; };
		843C5990202B4F3300D0FC6A /* WSHomeTableViewController.swift */ = {isa = PBXFileReference; lastKnownFileType = sourcecode.swift; path = WSHomeTableViewController.swift; sourceTree = "<group>"; };
		843C5992202B4F4800D0FC6A /* WSMessageTableViewController.swift */ = {isa = PBXFileReference; lastKnownFileType = sourcecode.swift; path = WSMessageTableViewController.swift; sourceTree = "<group>"; };
		843C5994202B4F6400D0FC6A /* WSDiscoverTableViewController.swift */ = {isa = PBXFileReference; lastKnownFileType = sourcecode.swift; path = WSDiscoverTableViewController.swift; sourceTree = "<group>"; };
		843C5996202B4F7600D0FC6A /* WSProfileTableViewController.swift */ = {isa = PBXFileReference; lastKnownFileType = sourcecode.swift; path = WSProfileTableViewController.swift; sourceTree = "<group>"; };
/* End PBXFileReference section */

/* Begin PBXFrameworksBuildPhase section */
		547E29FC202B019F002FE333 /* Frameworks */ = {
			isa = PBXFrameworksBuildPhase;
			buildActionMask = 2147483647;
			files = (
			);
			runOnlyForDeploymentPostprocessing = 0;
		};
		547E2A10202B019F002FE333 /* Frameworks */ = {
			isa = PBXFrameworksBuildPhase;
			buildActionMask = 2147483647;
			files = (
			);
			runOnlyForDeploymentPostprocessing = 0;
		};
		547E2A1B202B01A0002FE333 /* Frameworks */ = {
			isa = PBXFrameworksBuildPhase;
			buildActionMask = 2147483647;
			files = (
			);
			runOnlyForDeploymentPostprocessing = 0;
		};
/* End PBXFrameworksBuildPhase section */

/* Begin PBXGroup section */
		547E29F6202B019F002FE333 = {
			isa = PBXGroup;
			children = (
				547E2A01202B019F002FE333 /* sinaWeibo */,
				547E2A16202B01A0002FE333 /* sinaWeiboTests */,
				547E2A21202B01A0002FE333 /* sinaWeiboUITests */,
				547E2A00202B019F002FE333 /* Products */,
			);
			sourceTree = "<group>";
		};
		547E2A00202B019F002FE333 /* Products */ = {
			isa = PBXGroup;
			children = (
				547E29FF202B019F002FE333 /* sinaWeibo.app */,
				547E2A13202B01A0002FE333 /* sinaWeiboTests.xctest */,
				547E2A1E202B01A0002FE333 /* sinaWeiboUITests.xctest */,
			);
			name = Products;
			sourceTree = "<group>";
		};
		547E2A01202B019F002FE333 /* sinaWeibo */ = {
			isa = PBXGroup;
			children = (
				843C5988202B4BB300D0FC6A /* Class */,
				547E2A02202B019F002FE333 /* AppDelegate.swift */,
				547E2A62202BFCF7002FE333 /* sinaWeibo-Bridging.h */,
				547E2A06202B019F002FE333 /* Main.storyboard */,
				547E2A09202B019F002FE333 /* Assets.xcassets */,
				547E2A0E202B019F002FE333 /* Info.plist */,
			);
			path = sinaWeibo;
			sourceTree = "<group>";
		};
		547E2A16202B01A0002FE333 /* sinaWeiboTests */ = {
			isa = PBXGroup;
			children = (
				547E2A17202B01A0002FE333 /* sinaWeiboTests.swift */,
				547E2A19202B01A0002FE333 /* Info.plist */,
			);
			path = sinaWeiboTests;
			sourceTree = "<group>";
		};
		547E2A21202B01A0002FE333 /* sinaWeiboUITests */ = {
			isa = PBXGroup;
			children = (
				547E2A22202B01A0002FE333 /* sinaWeiboUITests.swift */,
				547E2A24202B01A0002FE333 /* Info.plist */,
			);
			path = sinaWeiboUITests;
			sourceTree = "<group>";
		};
		547E2A3A202BFA4D002FE333 /* Tools */ = {
			isa = PBXGroup;
			children = (
				547E2A3B202BFA80002FE333 /* Additions */,
			);
			path = Tools;
			sourceTree = "<group>";
		};
		547E2A3B202BFA80002FE333 /* Additions */ = {
			isa = PBXGroup;
			children = (
				547E2A3C202BFA80002FE333 /* CZAdditions.h */,
				547E2A3D202BFA80002FE333 /* NSArray+Log.h */,
				547E2A3E202BFA80002FE333 /* NSArray+Log.m */,
				547E2A3F202BFA80002FE333 /* NSAttributedString+CZAdditon.h */,
				547E2A40202BFA80002FE333 /* NSAttributedString+CZAdditon.m */,
				547E2A41202BFA80002FE333 /* NSObject+CZRuntime.h */,
				547E2A42202BFA80002FE333 /* NSObject+CZRuntime.m */,
				547E2A43202BFA80002FE333 /* NSString+CZBase64.h */,
				547E2A44202BFA80002FE333 /* NSString+CZBase64.m */,
				547E2A45202BFA80002FE333 /* NSString+CZHash.h */,
				547E2A46202BFA80002FE333 /* NSString+CZHash.m */,
				547E2A47202BFA80002FE333 /* NSString+CZPath.h */,
				547E2A48202BFA80002FE333 /* NSString+CZPath.m */,
				547E2A49202BFA80002FE333 /* UIButton+CZAddition.h */,
				547E2A4A202BFA80002FE333 /* UIButton+CZAddition.m */,
				547E2A4B202BFA80002FE333 /* UIColor+CZAddition.h */,
				547E2A4C202BFA80002FE333 /* UIColor+CZAddition.m */,
				547E2A4D202BFA80002FE333 /* UILabel+CZAddition.h */,
				547E2A4E202BFA80002FE333 /* UILabel+CZAddition.m */,
				547E2A4F202BFA80002FE333 /* UIScreen+CZAddition.h */,
				547E2A50202BFA80002FE333 /* UIScreen+CZAddition.m */,
				547E2A51202BFA80002FE333 /* UIView+CZAddition.h */,
				547E2A52202BFA80002FE333 /* UIView+CZAddition.m */,
				547E2A53202BFA80002FE333 /* UIViewController+CZAddition.h */,
				547E2A54202BFA80002FE333 /* UIViewController+CZAddition.m */,
			);
			path = Additions;
			sourceTree = "<group>";
		};
		843C5988202B4BB300D0FC6A /* Class */ = {
			isa = PBXGroup;
			children = (
				843C598D202B4BB300D0FC6A /* Main */,
				843C5989202B4BB300D0FC6A /* Home */,
				843C598B202B4BB300D0FC6A /* Message */,
				843C598A202B4BB300D0FC6A /* Discover */,
				843C598C202B4BB300D0FC6A /* Profile */,
				547E2A3A202BFA4D002FE333 /* Tools */,
			);
			path = Class;
			sourceTree = "<group>";
		};
		843C5989202B4BB300D0FC6A /* Home */ = {
			isa = PBXGroup;
			children = (
				843C5990202B4F3300D0FC6A /* WSHomeTableViewController.swift */,
			);
			path = Home;
			sourceTree = "<group>";
		};
		843C598A202B4BB300D0FC6A /* Discover */ = {
			isa = PBXGroup;
			children = (
				843C5994202B4F6400D0FC6A /* WSDiscoverTableViewController.swift */,
			);
			path = Discover;
			sourceTree = "<group>";
		};
		843C598B202B4BB300D0FC6A /* Message */ = {
			isa = PBXGroup;
			children = (
				843C5992202B4F4800D0FC6A /* WSMessageTableViewController.swift */,
			);
			path = Message;
			sourceTree = "<group>";
		};
		843C598C202B4BB300D0FC6A /* Profile */ = {
			isa = PBXGroup;
			children = (
				843C5996202B4F7600D0FC6A /* WSProfileTableViewController.swift */,
			);
			path = Profile;
			sourceTree = "<group>";
		};
		843C598D202B4BB300D0FC6A /* Main */ = {
			isa = PBXGroup;
			children = (
				843C598E202B4D6C00D0FC6A /* WSTabBarController.swift */,
				547E2A30202BF23C002FE333 /* WSNavigationController.swift */,
				547E2A32202BF262002FE333 /* WSBaseViewController.swift */,
			);
			path = Main;
			sourceTree = "<group>";
		};
/* End PBXGroup section */

/* Begin PBXNativeTarget section */
		547E29FE202B019F002FE333 /* sinaWeibo */ = {
			isa = PBXNativeTarget;
			buildConfigurationList = 547E2A27202B01A0002FE333 /* Build configuration list for PBXNativeTarget "sinaWeibo" */;
			buildPhases = (
				547E29FB202B019F002FE333 /* Sources */,
				547E29FC202B019F002FE333 /* Frameworks */,
				547E29FD202B019F002FE333 /* Resources */,
			);
			buildRules = (
			);
			dependencies = (
			);
			name = sinaWeibo;
			productName = sinaWeibo;
			productReference = 547E29FF202B019F002FE333 /* sinaWeibo.app */;
			productType = "com.apple.product-type.application";
		};
		547E2A12202B019F002FE333 /* sinaWeiboTests */ = {
			isa = PBXNativeTarget;
			buildConfigurationList = 547E2A2A202B01A0002FE333 /* Build configuration list for PBXNativeTarget "sinaWeiboTests" */;
			buildPhases = (
				547E2A0F202B019F002FE333 /* Sources */,
				547E2A10202B019F002FE333 /* Frameworks */,
				547E2A11202B019F002FE333 /* Resources */,
			);
			buildRules = (
			);
			dependencies = (
				547E2A15202B01A0002FE333 /* PBXTargetDependency */,
			);
			name = sinaWeiboTests;
			productName = sinaWeiboTests;
			productReference = 547E2A13202B01A0002FE333 /* sinaWeiboTests.xctest */;
			productType = "com.apple.product-type.bundle.unit-test";
		};
		547E2A1D202B01A0002FE333 /* sinaWeiboUITests */ = {
			isa = PBXNativeTarget;
			buildConfigurationList = 547E2A2D202B01A0002FE333 /* Build configuration list for PBXNativeTarget "sinaWeiboUITests" */;
			buildPhases = (
				547E2A1A202B01A0002FE333 /* Sources */,
				547E2A1B202B01A0002FE333 /* Frameworks */,
				547E2A1C202B01A0002FE333 /* Resources */,
			);
			buildRules = (
			);
			dependencies = (
				547E2A20202B01A0002FE333 /* PBXTargetDependency */,
			);
			name = sinaWeiboUITests;
			productName = sinaWeiboUITests;
			productReference = 547E2A1E202B01A0002FE333 /* sinaWeiboUITests.xctest */;
			productType = "com.apple.product-type.bundle.ui-testing";
		};
/* End PBXNativeTarget section */

/* Begin PBXProject section */
		547E29F7202B019F002FE333 /* Project object */ = {
			isa = PBXProject;
			attributes = {
				LastSwiftUpdateCheck = 0920;
				LastUpgradeCheck = 0920;
				ORGANIZATIONNAME = ws;
				TargetAttributes = {
					547E29FE202B019F002FE333 = {
						CreatedOnToolsVersion = 9.2;
						LastSwiftMigration = 0920;
						ProvisioningStyle = Automatic;
					};
					547E2A12202B019F002FE333 = {
						CreatedOnToolsVersion = 9.2;
						ProvisioningStyle = Automatic;
						TestTargetID = 547E29FE202B019F002FE333;
					};
					547E2A1D202B01A0002FE333 = {
						CreatedOnToolsVersion = 9.2;
						ProvisioningStyle = Automatic;
						TestTargetID = 547E29FE202B019F002FE333;
					};
				};
			};
			buildConfigurationList = 547E29FA202B019F002FE333 /* Build configuration list for PBXProject "sinaWeibo" */;
			compatibilityVersion = "Xcode 8.0";
			developmentRegion = en;
			hasScannedForEncodings = 0;
			knownRegions = (
				en,
				Base,
			);
			mainGroup = 547E29F6202B019F002FE333;
			productRefGroup = 547E2A00202B019F002FE333 /* Products */;
			projectDirPath = "";
			projectRoot = "";
			targets = (
				547E29FE202B019F002FE333 /* sinaWeibo */,
				547E2A12202B019F002FE333 /* sinaWeiboTests */,
				547E2A1D202B01A0002FE333 /* sinaWeiboUITests */,
			);
		};
/* End PBXProject section */

/* Begin PBXResourcesBuildPhase section */
		547E29FD202B019F002FE333 /* Resources */ = {
			isa = PBXResourcesBuildPhase;
			buildActionMask = 2147483647;
			files = (
				547E2A0A202B019F002FE333 /* Assets.xcassets in Resources */,
				547E2A08202B019F002FE333 /* Main.storyboard in Resources */,
			);
			runOnlyForDeploymentPostprocessing = 0;
		};
		547E2A11202B019F002FE333 /* Resources */ = {
			isa = PBXResourcesBuildPhase;
			buildActionMask = 2147483647;
			files = (
			);
			runOnlyForDeploymentPostprocessing = 0;
		};
		547E2A1C202B01A0002FE333 /* Resources */ = {
			isa = PBXResourcesBuildPhase;
			buildActionMask = 2147483647;
			files = (
			);
			runOnlyForDeploymentPostprocessing = 0;
		};
/* End PBXResourcesBuildPhase section */

/* Begin PBXSourcesBuildPhase section */
		547E29FB202B019F002FE333 /* Sources */ = {
			isa = PBXSourcesBuildPhase;
			buildActionMask = 2147483647;
			files = (
				547E2A5C202BFA80002FE333 /* UIColor+CZAddition.m in Sources */,
				547E2A55202BFA80002FE333 /* NSArray+Log.m in Sources */,
				547E2A31202BF23C002FE333 /* WSNavigationController.swift in Sources */,
				547E2A5D202BFA80002FE333 /* UILabel+CZAddition.m in Sources */,
				547E2A56202BFA80002FE333 /* NSAttributedString+CZAdditon.m in Sources */,
				547E2A60202BFA80002FE333 /* UIViewController+CZAddition.m in Sources */,
				547E2A58202BFA80002FE333 /* NSString+CZBase64.m in Sources */,
				547E2A33202BF263002FE333 /* WSBaseViewController.swift in Sources */,
				843C5991202B4F3300D0FC6A /* WSHomeTableViewController.swift in Sources */,
				547E2A03202B019F002FE333 /* AppDelegate.swift in Sources */,
				547E2A5B202BFA80002FE333 /* UIButton+CZAddition.m in Sources */,
				547E2A5E202BFA80002FE333 /* UIScreen+CZAddition.m in Sources */,
				843C5995202B4F6400D0FC6A /* WSDiscoverTableViewController.swift in Sources */,
				547E2A57202BFA80002FE333 /* NSObject+CZRuntime.m in Sources */,
				843C5997202B4F7600D0FC6A /* WSProfileTableViewController.swift in Sources */,
				843C598F202B4D6C00D0FC6A /* WSTabBarController.swift in Sources */,
				547E2A5A202BFA80002FE333 /* NSString+CZPath.m in Sources */,
				547E2A5F202BFA80002FE333 /* UIView+CZAddition.m in Sources */,
				547E2A59202BFA80002FE333 /* NSString+CZHash.m in Sources */,
				843C5993202B4F4800D0FC6A /* WSMessageTableViewController.swift in Sources */,
			);
			runOnlyForDeploymentPostprocessing = 0;
		};
		547E2A0F202B019F002FE333 /* Sources */ = {
			isa = PBXSourcesBuildPhase;
			buildActionMask = 2147483647;
			files = (
				547E2A18202B01A0002FE333 /* sinaWeiboTests.swift in Sources */,
			);
			runOnlyForDeploymentPostprocessing = 0;
		};
		547E2A1A202B01A0002FE333 /* Sources */ = {
			isa = PBXSourcesBuildPhase;
			buildActionMask = 2147483647;
			files = (
				547E2A23202B01A0002FE333 /* sinaWeiboUITests.swift in Sources */,
			);
			runOnlyForDeploymentPostprocessing = 0;
		};
/* End PBXSourcesBuildPhase section */

/* Begin PBXTargetDependency section */
		547E2A15202B01A0002FE333 /* PBXTargetDependency */ = {
			isa = PBXTargetDependency;
			target = 547E29FE202B019F002FE333 /* sinaWeibo */;
			targetProxy = 547E2A14202B01A0002FE333 /* PBXContainerItemProxy */;
		};
		547E2A20202B01A0002FE333 /* PBXTargetDependency */ = {
			isa = PBXTargetDependency;
			target = 547E29FE202B019F002FE333 /* sinaWeibo */;
			targetProxy = 547E2A1F202B01A0002FE333 /* PBXContainerItemProxy */;
		};
/* End PBXTargetDependency section */

/* Begin PBXVariantGroup section */
		547E2A06202B019F002FE333 /* Main.storyboard */ = {
			isa = PBXVariantGroup;
			children = (
				547E2A07202B019F002FE333 /* Base */,
			);
			name = Main.storyboard;
			sourceTree = "<group>";
		};
/* End PBXVariantGroup section */

/* Begin XCBuildConfiguration section */
		547E2A25202B01A0002FE333 /* Debug */ = {
			isa = XCBuildConfiguration;
			buildSettings = {
				ALWAYS_SEARCH_USER_PATHS = NO;
				CLANG_ANALYZER_NONNULL = YES;
				CLANG_ANALYZER_NUMBER_OBJECT_CONVERSION = YES_AGGRESSIVE;
				CLANG_CXX_LANGUAGE_STANDARD = "gnu++14";
				CLANG_CXX_LIBRARY = "libc++";
				CLANG_ENABLE_MODULES = YES;
				CLANG_ENABLE_OBJC_ARC = YES;
				CLANG_WARN_BLOCK_CAPTURE_AUTORELEASING = YES;
				CLANG_WARN_BOOL_CONVERSION = YES;
				CLANG_WARN_COMMA = YES;
				CLANG_WARN_CONSTANT_CONVERSION = YES;
				CLANG_WARN_DIRECT_OBJC_ISA_USAGE = YES_ERROR;
				CLANG_WARN_DOCUMENTATION_COMMENTS = YES;
				CLANG_WARN_EMPTY_BODY = YES;
				CLANG_WARN_ENUM_CONVERSION = YES;
				CLANG_WARN_INFINITE_RECURSION = YES;
				CLANG_WARN_INT_CONVERSION = YES;
				CLANG_WARN_NON_LITERAL_NULL_CONVERSION = YES;
				CLANG_WARN_OBJC_LITERAL_CONVERSION = YES;
				CLANG_WARN_OBJC_ROOT_CLASS = YES_ERROR;
				CLANG_WARN_RANGE_LOOP_ANALYSIS = YES;
				CLANG_WARN_STRICT_PROTOTYPES = YES;
				CLANG_WARN_SUSPICIOUS_MOVE = YES;
				CLANG_WARN_UNGUARDED_AVAILABILITY = YES_AGGRESSIVE;
				CLANG_WARN_UNREACHABLE_CODE = YES;
				CLANG_WARN__DUPLICATE_METHOD_MATCH = YES;
				CODE_SIGN_IDENTITY = "iPhone Developer";
				COPY_PHASE_STRIP = NO;
				DEBUG_INFORMATION_FORMAT = dwarf;
				ENABLE_STRICT_OBJC_MSGSEND = YES;
				ENABLE_TESTABILITY = YES;
				GCC_C_LANGUAGE_STANDARD = gnu11;
				GCC_DYNAMIC_NO_PIC = NO;
				GCC_NO_COMMON_BLOCKS = YES;
				GCC_OPTIMIZATION_LEVEL = 0;
				GCC_PREPROCESSOR_DEFINITIONS = (
					"DEBUG=1",
					"$(inherited)",
				);
				GCC_WARN_64_TO_32_BIT_CONVERSION = YES;
				GCC_WARN_ABOUT_RETURN_TYPE = YES_ERROR;
				GCC_WARN_UNDECLARED_SELECTOR = YES;
				GCC_WARN_UNINITIALIZED_AUTOS = YES_AGGRESSIVE;
				GCC_WARN_UNUSED_FUNCTION = YES;
				GCC_WARN_UNUSED_VARIABLE = YES;
				IPHONEOS_DEPLOYMENT_TARGET = 11.2;
				MTL_ENABLE_DEBUG_INFO = YES;
				ONLY_ACTIVE_ARCH = YES;
				SDKROOT = iphoneos;
				SWIFT_ACTIVE_COMPILATION_CONDITIONS = DEBUG;
				SWIFT_OPTIMIZATION_LEVEL = "-Onone";
			};
			name = Debug;
		};
		547E2A26202B01A0002FE333 /* Release */ = {
			isa = XCBuildConfiguration;
			buildSettings = {
				ALWAYS_SEARCH_USER_PATHS = NO;
				CLANG_ANALYZER_NONNULL = YES;
				CLANG_ANALYZER_NUMBER_OBJECT_CONVERSION = YES_AGGRESSIVE;
				CLANG_CXX_LANGUAGE_STANDARD = "gnu++14";
				CLANG_CXX_LIBRARY = "libc++";
				CLANG_ENABLE_MODULES = YES;
				CLANG_ENABLE_OBJC_ARC = YES;
				CLANG_WARN_BLOCK_CAPTURE_AUTORELEASING = YES;
				CLANG_WARN_BOOL_CONVERSION = YES;
				CLANG_WARN_COMMA = YES;
				CLANG_WARN_CONSTANT_CONVERSION = YES;
				CLANG_WARN_DIRECT_OBJC_ISA_USAGE = YES_ERROR;
				CLANG_WARN_DOCUMENTATION_COMMENTS = YES;
				CLANG_WARN_EMPTY_BODY = YES;
				CLANG_WARN_ENUM_CONVERSION = YES;
				CLANG_WARN_INFINITE_RECURSION = YES;
				CLANG_WARN_INT_CONVERSION = YES;
				CLANG_WARN_NON_LITERAL_NULL_CONVERSION = YES;
				CLANG_WARN_OBJC_LITERAL_CONVERSION = YES;
				CLANG_WARN_OBJC_ROOT_CLASS = YES_ERROR;
				CLANG_WARN_RANGE_LOOP_ANALYSIS = YES;
				CLANG_WARN_STRICT_PROTOTYPES = YES;
				CLANG_WARN_SUSPICIOUS_MOVE = YES;
				CLANG_WARN_UNGUARDED_AVAILABILITY = YES_AGGRESSIVE;
				CLANG_WARN_UNREACHABLE_CODE = YES;
				CLANG_WARN__DUPLICATE_METHOD_MATCH = YES;
				CODE_SIGN_IDENTITY = "iPhone Developer";
				COPY_PHASE_STRIP = NO;
				DEBUG_INFORMATION_FORMAT = "dwarf-with-dsym";
				ENABLE_NS_ASSERTIONS = NO;
				ENABLE_STRICT_OBJC_MSGSEND = YES;
				GCC_C_LANGUAGE_STANDARD = gnu11;
				GCC_NO_COMMON_BLOCKS = YES;
				GCC_WARN_64_TO_32_BIT_CONVERSION = YES;
				GCC_WARN_ABOUT_RETURN_TYPE = YES_ERROR;
				GCC_WARN_UNDECLARED_SELECTOR = YES;
				GCC_WARN_UNINITIALIZED_AUTOS = YES_AGGRESSIVE;
				GCC_WARN_UNUSED_FUNCTION = YES;
				GCC_WARN_UNUSED_VARIABLE = YES;
				IPHONEOS_DEPLOYMENT_TARGET = 11.2;
				MTL_ENABLE_DEBUG_INFO = NO;
				SDKROOT = iphoneos;
				SWIFT_OPTIMIZATION_LEVEL = "-Owholemodule";
				VALIDATE_PRODUCT = YES;
			};
			name = Release;
		};
		547E2A28202B01A0002FE333 /* Debug */ = {
			isa = XCBuildConfiguration;
			buildSettings = {
				ASSETCATALOG_COMPILER_APPICON_NAME = AppIcon;
				ASSETCATALOG_COMPILER_LAUNCHIMAGE_NAME = LaunchImage;
				CLANG_ENABLE_MODULES = YES;
				CODE_SIGN_STYLE = Automatic;
				INFOPLIST_FILE = sinaWeibo/Info.plist;
				IPHONEOS_DEPLOYMENT_TARGET = 11.0;
				LD_RUNPATH_SEARCH_PATHS = "$(inherited) @executable_path/Frameworks";
				PRODUCT_BUNDLE_IDENTIFIER = com.personal.sinaWeibo;
				PRODUCT_NAME = "$(TARGET_NAME)";
				SWIFT_OBJC_BRIDGING_HEADER = "sinaWeibo/sinaWeibo-Bridging.h";
				SWIFT_OPTIMIZATION_LEVEL = "-Onone";
				SWIFT_VERSION = 4.0;
				TARGETED_DEVICE_FAMILY = 1;
			};
			name = Debug;
		};
		547E2A29202B01A0002FE333 /* Release */ = {
			isa = XCBuildConfiguration;
			buildSettings = {
				ASSETCATALOG_COMPILER_APPICON_NAME = AppIcon;
				ASSETCATALOG_COMPILER_LAUNCHIMAGE_NAME = LaunchImage;
				CLANG_ENABLE_MODULES = YES;
				CODE_SIGN_STYLE = Automatic;
				INFOPLIST_FILE = sinaWeibo/Info.plist;
				IPHONEOS_DEPLOYMENT_TARGET = 11.0;
				LD_RUNPATH_SEARCH_PATHS = "$(inherited) @executable_path/Frameworks";
				PRODUCT_BUNDLE_IDENTIFIER = com.personal.sinaWeibo;
				PRODUCT_NAME = "$(TARGET_NAME)";
				SWIFT_OBJC_BRIDGING_HEADER = "sinaWeibo/sinaWeibo-Bridging.h";
				SWIFT_VERSION = 4.0;
				TARGETED_DEVICE_FAMILY = 1;
			};
			name = Release;
		};
		547E2A2B202B01A0002FE333 /* Debug */ = {
			isa = XCBuildConfiguration;
			buildSettings = {
				ALWAYS_EMBED_SWIFT_STANDARD_LIBRARIES = YES;
				BUNDLE_LOADER = "$(TEST_HOST)";
				CODE_SIGN_STYLE = Automatic;
				INFOPLIST_FILE = sinaWeiboTests/Info.plist;
				LD_RUNPATH_SEARCH_PATHS = "$(inherited) @executable_path/Frameworks @loader_path/Frameworks";
				PRODUCT_BUNDLE_IDENTIFIER = com.personal.sinaWeiboTests;
				PRODUCT_NAME = "$(TARGET_NAME)";
				SWIFT_VERSION = 4.0;
				TARGETED_DEVICE_FAMILY = "1,2";
				TEST_HOST = "$(BUILT_PRODUCTS_DIR)/sinaWeibo.app/sinaWeibo";
			};
			name = Debug;
		};
		547E2A2C202B01A0002FE333 /* Release */ = {
			isa = XCBuildConfiguration;
			buildSettings = {
				ALWAYS_EMBED_SWIFT_STANDARD_LIBRARIES = YES;
				BUNDLE_LOADER = "$(TEST_HOST)";
				CODE_SIGN_STYLE = Automatic;
				INFOPLIST_FILE = sinaWeiboTests/Info.plist;
				LD_RUNPATH_SEARCH_PATHS = "$(inherited) @executable_path/Frameworks @loader_path/Frameworks";
				PRODUCT_BUNDLE_IDENTIFIER = com.personal.sinaWeiboTests;
				PRODUCT_NAME = "$(TARGET_NAME)";
				SWIFT_VERSION = 4.0;
				TARGETED_DEVICE_FAMILY = "1,2";
				TEST_HOST = "$(BUILT_PRODUCTS_DIR)/sinaWeibo.app/sinaWeibo";
			};
			name = Release;
		};
		547E2A2E202B01A0002FE333 /* Debug */ = {
			isa = XCBuildConfiguration;
			buildSettings = {
				ALWAYS_EMBED_SWIFT_STANDARD_LIBRARIES = YES;
				CODE_SIGN_STYLE = Automatic;
				INFOPLIST_FILE = sinaWeiboUITests/Info.plist;
				LD_RUNPATH_SEARCH_PATHS = "$(inherited) @executable_path/Frameworks @loader_path/Frameworks";
				PRODUCT_BUNDLE_IDENTIFIER = com.personal.sinaWeiboUITests;
				PRODUCT_NAME = "$(TARGET_NAME)";
				SWIFT_VERSION = 4.0;
				TARGETED_DEVICE_FAMILY = "1,2";
				TEST_TARGET_NAME = sinaWeibo;
			};
			name = Debug;
		};
		547E2A2F202B01A0002FE333 /* Release */ = {
			isa = XCBuildConfiguration;
			buildSettings = {
				ALWAYS_EMBED_SWIFT_STANDARD_LIBRARIES = YES;
				CODE_SIGN_STYLE = Automatic;
				INFOPLIST_FILE = sinaWeiboUITests/Info.plist;
				LD_RUNPATH_SEARCH_PATHS = "$(inherited) @executable_path/Frameworks @loader_path/Frameworks";
				PRODUCT_BUNDLE_IDENTIFIER = com.personal.sinaWeiboUITests;
				PRODUCT_NAME = "$(TARGET_NAME)";
				SWIFT_VERSION = 4.0;
				TARGETED_DEVICE_FAMILY = "1,2";
				TEST_TARGET_NAME = sinaWeibo;
			};
			name = Release;
		};
/* End XCBuildConfiguration section */

/* Begin XCConfigurationList section */
		547E29FA202B019F002FE333 /* Build configuration list for PBXProject "sinaWeibo" */ = {
			isa = XCConfigurationList;
			buildConfigurations = (
				547E2A25202B01A0002FE333 /* Debug */,
				547E2A26202B01A0002FE333 /* Release */,
			);
			defaultConfigurationIsVisible = 0;
			defaultConfigurationName = Release;
		};
		547E2A27202B01A0002FE333 /* Build configuration list for PBXNativeTarget "sinaWeibo" */ = {
			isa = XCConfigurationList;
			buildConfigurations = (
				547E2A28202B01A0002FE333 /* Debug */,
				547E2A29202B01A0002FE333 /* Release */,
			);
			defaultConfigurationIsVisible = 0;
			defaultConfigurationName = Release;
		};
		547E2A2A202B01A0002FE333 /* Build configuration list for PBXNativeTarget "sinaWeiboTests" */ = {
			isa = XCConfigurationList;
			buildConfigurations = (
				547E2A2B202B01A0002FE333 /* Debug */,
				547E2A2C202B01A0002FE333 /* Release */,
			);
			defaultConfigurationIsVisible = 0;
			defaultConfigurationName = Release;
		};
		547E2A2D202B01A0002FE333 /* Build configuration list for PBXNativeTarget "sinaWeiboUITests" */ = {
			isa = XCConfigurationList;
			buildConfigurations = (
				547E2A2E202B01A0002FE333 /* Debug */,
				547E2A2F202B01A0002FE333 /* Release */,
			);
			defaultConfigurationIsVisible = 0;
			defaultConfigurationName = Release;
		};
/* End XCConfigurationList section */
	};
	rootObject = 547E29F7202B019F002FE333 /* Project object */;
}
